
Microsoft Visual Studio Solution File, Format Version 12.00
# Visual Studio 15
VisualStudioVersion = 15.0.28010.2041
MinimumVisualStudioVersion = 10.0.40219.1
Project("{8BC9CEB8-8B4A-11D0-8D11-00A0C91BC942}") = "Day12_pascal's_triangle_II", "Day12_pascal's_triangle_II\Day12_pascal's_triangle_II.vcxproj", "{3B586311-5BEB-4019-991D-B0BC7DE282BA}"
EndProject
Global
	GlobalSection(SolutionConfigurationPlatforms) = preSolution
		Debug|x64 = Debug|x64
		Debug|x86 = Debug|x86
		Release|x64 = Release|x64
		Release|x86 = Release|x86
	EndGlobalSection
	GlobalSection(ProjectConfigurationPlatforms) = postSolution
		{3B586311-5BEB-4019-991D-B0BC7DE282BA}.Debug|x64.ActiveCfg = Debug|x64
		{3B586311-5BEB-4019-991D-B0BC7DE282BA}.Debug|x64.Build.0 = Debug|x64
		{3B586311-5BEB-4019-991D-B0BC7DE282BA}.Debug|x86.ActiveCfg = Debug|Win32
		{3B586311-5BEB-4019-991D-B0BC7DE282BA}.Debug|x86.Build.0 = Debug|Win32
		{3B586311-5BEB-4019-991D-B0BC7DE282BA}.Release|x64.ActiveCfg = Release|x64
		{3B586311-5BEB-4019-991D-B0BC7DE282BA}.Release|x64.Build.0 = Release|x64
		{3B586311-5BEB-4019-991D-B0BC7DE282BA}.Release|x86.ActiveCfg = Release|Win32
		{3B586311-5BEB-4019-991D-B0BC7DE282BA}.Release|x86.Build.0 = Release|Win32
	EndGlobalSection
	GlobalSection(SolutionProperties) = preSolution
		HideSolutionNode = FALSE
	EndGlobalSection
	GlobalSection(ExtensibilityGlobals) = postSolution
		SolutionGuid = {61B81E43-A823-40C4-A355-78A22AFC860F}
	EndGlobalSection
EndGlobal
