
Microsoft Visual Studio Solution File, Format Version 12.00
# Visual Studio 15
VisualStudioVersion = 15.0.27004.2010
MinimumVisualStudioVersion = 10.0.40219.1
Project("{8BC9CEB8-8B4A-11D0-8D11-00A0C91BC942}") = "Day12_insert_delete_getRaondom", "Day12_insert_delete_getRaondom\Day12_insert_delete_getRaondom.vcxproj", "{EB187DB2-12A4-497D-AC00-444CA21EB218}"
EndProject
Global
	GlobalSection(SolutionConfigurationPlatforms) = preSolution
		Debug|x64 = Debug|x64
		Debug|x86 = Debug|x86
		Release|x64 = Release|x64
		Release|x86 = Release|x86
	EndGlobalSection
	GlobalSection(ProjectConfigurationPlatforms) = postSolution
		{EB187DB2-12A4-497D-AC00-444CA21EB218}.Debug|x64.ActiveCfg = Debug|x64
		{EB187DB2-12A4-497D-AC00-444CA21EB218}.Debug|x64.Build.0 = Debug|x64
		{EB187DB2-12A4-497D-AC00-444CA21EB218}.Debug|x86.ActiveCfg = Debug|Win32
		{EB187DB2-12A4-497D-AC00-444CA21EB218}.Debug|x86.Build.0 = Debug|Win32
		{EB187DB2-12A4-497D-AC00-444CA21EB218}.Release|x64.ActiveCfg = Release|x64
		{EB187DB2-12A4-497D-AC00-444CA21EB218}.Release|x64.Build.0 = Release|x64
		{EB187DB2-12A4-497D-AC00-444CA21EB218}.Release|x86.ActiveCfg = Release|Win32
		{EB187DB2-12A4-497D-AC00-444CA21EB218}.Release|x86.Build.0 = Release|Win32
	EndGlobalSection
	GlobalSection(SolutionProperties) = preSolution
		HideSolutionNode = FALSE
	EndGlobalSection
	GlobalSection(ExtensibilityGlobals) = postSolution
		SolutionGuid = {7223704C-3B39-4A3A-9BBB-F64D90BF06F4}
	EndGlobalSection
EndGlobal
