
Microsoft Visual Studio Solution File, Format Version 12.00
# Visual Studio 15
VisualStudioVersion = 15.0.27004.2010
MinimumVisualStudioVersion = 10.0.40219.1
Project("{8BC9CEB8-8B4A-11D0-8D11-00A0C91BC942}") = "Day6_queue_reconstruction_by_height", "Day6_queue_reconstruction_by_height\Day6_queue_reconstruction_by_height.vcxproj", "{E12EE6E1-1899-4168-A8F6-952B03A77ADA}"
EndProject
Global
	GlobalSection(SolutionConfigurationPlatforms) = preSolution
		Debug|x64 = Debug|x64
		Debug|x86 = Debug|x86
		Release|x64 = Release|x64
		Release|x86 = Release|x86
	EndGlobalSection
	GlobalSection(ProjectConfigurationPlatforms) = postSolution
		{E12EE6E1-1899-4168-A8F6-952B03A77ADA}.Debug|x64.ActiveCfg = Debug|x64
		{E12EE6E1-1899-4168-A8F6-952B03A77ADA}.Debug|x64.Build.0 = Debug|x64
		{E12EE6E1-1899-4168-A8F6-952B03A77ADA}.Debug|x86.ActiveCfg = Debug|Win32
		{E12EE6E1-1899-4168-A8F6-952B03A77ADA}.Debug|x86.Build.0 = Debug|Win32
		{E12EE6E1-1899-4168-A8F6-952B03A77ADA}.Release|x64.ActiveCfg = Release|x64
		{E12EE6E1-1899-4168-A8F6-952B03A77ADA}.Release|x64.Build.0 = Release|x64
		{E12EE6E1-1899-4168-A8F6-952B03A77ADA}.Release|x86.ActiveCfg = Release|Win32
		{E12EE6E1-1899-4168-A8F6-952B03A77ADA}.Release|x86.Build.0 = Release|Win32
	EndGlobalSection
	GlobalSection(SolutionProperties) = preSolution
		HideSolutionNode = FALSE
	EndGlobalSection
	GlobalSection(ExtensibilityGlobals) = postSolution
		SolutionGuid = {6384B40E-1240-445B-8C54-A7E6CA8437E9}
	EndGlobalSection
EndGlobal
