
Microsoft Visual Studio Solution File, Format Version 12.00
# Visual Studio 15
VisualStudioVersion = 15.0.27004.2010
MinimumVisualStudioVersion = 10.0.40219.1
Project("{8BC9CEB8-8B4A-11D0-8D11-00A0C91BC942}") = "Day5_best_time_to_buy_and_sell_stock_II", "Day5_best_time_to_buy_and_sell_stock_II\Day5_best_time_to_buy_and_sell_stock_II.vcxproj", "{C29999AF-8EBF-4982-9651-6A523564AA94}"
EndProject
Global
	GlobalSection(SolutionConfigurationPlatforms) = preSolution
		Debug|x64 = Debug|x64
		Debug|x86 = Debug|x86
		Release|x64 = Release|x64
		Release|x86 = Release|x86
	EndGlobalSection
	GlobalSection(ProjectConfigurationPlatforms) = postSolution
		{C29999AF-8EBF-4982-9651-6A523564AA94}.Debug|x64.ActiveCfg = Debug|x64
		{C29999AF-8EBF-4982-9651-6A523564AA94}.Debug|x64.Build.0 = Debug|x64
		{C29999AF-8EBF-4982-9651-6A523564AA94}.Debug|x86.ActiveCfg = Debug|Win32
		{C29999AF-8EBF-4982-9651-6A523564AA94}.Debug|x86.Build.0 = Debug|Win32
		{C29999AF-8EBF-4982-9651-6A523564AA94}.Release|x64.ActiveCfg = Release|x64
		{C29999AF-8EBF-4982-9651-6A523564AA94}.Release|x64.Build.0 = Release|x64
		{C29999AF-8EBF-4982-9651-6A523564AA94}.Release|x86.ActiveCfg = Release|Win32
		{C29999AF-8EBF-4982-9651-6A523564AA94}.Release|x86.Build.0 = Release|Win32
	EndGlobalSection
	GlobalSection(SolutionProperties) = preSolution
		HideSolutionNode = FALSE
	EndGlobalSection
	GlobalSection(ExtensibilityGlobals) = postSolution
		SolutionGuid = {FB077E16-FF0E-4086-8CB2-B845A20FC3A5}
	EndGlobalSection
EndGlobal
