
Microsoft Visual Studio Solution File, Format Version 12.00
# Visual Studio 15
VisualStudioVersion = 15.0.27004.2010
MinimumVisualStudioVersion = 10.0.40219.1
Project("{8BC9CEB8-8B4A-11D0-8D11-00A0C91BC942}") = "Day15_search_in_a_binary_search_tree", "Day15_search_in_a_binary_search_tree\Day15_search_in_a_binary_search_tree.vcxproj", "{E108994E-CEFF-4BCB-9059-43A993421C8D}"
EndProject
Global
	GlobalSection(SolutionConfigurationPlatforms) = preSolution
		Debug|x64 = Debug|x64
		Debug|x86 = Debug|x86
		Release|x64 = Release|x64
		Release|x86 = Release|x86
	EndGlobalSection
	GlobalSection(ProjectConfigurationPlatforms) = postSolution
		{E108994E-CEFF-4BCB-9059-43A993421C8D}.Debug|x64.ActiveCfg = Debug|x64
		{E108994E-CEFF-4BCB-9059-43A993421C8D}.Debug|x64.Build.0 = Debug|x64
		{E108994E-CEFF-4BCB-9059-43A993421C8D}.Debug|x86.ActiveCfg = Debug|Win32
		{E108994E-CEFF-4BCB-9059-43A993421C8D}.Debug|x86.Build.0 = Debug|Win32
		{E108994E-CEFF-4BCB-9059-43A993421C8D}.Release|x64.ActiveCfg = Release|x64
		{E108994E-CEFF-4BCB-9059-43A993421C8D}.Release|x64.Build.0 = Release|x64
		{E108994E-CEFF-4BCB-9059-43A993421C8D}.Release|x86.ActiveCfg = Release|Win32
		{E108994E-CEFF-4BCB-9059-43A993421C8D}.Release|x86.Build.0 = Release|Win32
	EndGlobalSection
	GlobalSection(SolutionProperties) = preSolution
		HideSolutionNode = FALSE
	EndGlobalSection
	GlobalSection(ExtensibilityGlobals) = postSolution
		SolutionGuid = {2271FC9A-504B-47CE-A9B8-21BCF9C6D4A0}
	EndGlobalSection
EndGlobal
