
Microsoft Visual Studio Solution File, Format Version 12.00
# Visual Studio 15
VisualStudioVersion = 15.0.28010.2041
MinimumVisualStudioVersion = 10.0.40219.1
Project("{8BC9CEB8-8B4A-11D0-8D11-00A0C91BC942}") = "Day20_clone_graph", "Day20_clone_graph\Day20_clone_graph.vcxproj", "{9F2446AB-E58C-4CE8-992D-9785F43E8B03}"
EndProject
Global
	GlobalSection(SolutionConfigurationPlatforms) = preSolution
		Debug|x64 = Debug|x64
		Debug|x86 = Debug|x86
		Release|x64 = Release|x64
		Release|x86 = Release|x86
	EndGlobalSection
	GlobalSection(ProjectConfigurationPlatforms) = postSolution
		{9F2446AB-E58C-4CE8-992D-9785F43E8B03}.Debug|x64.ActiveCfg = Debug|x64
		{9F2446AB-E58C-4CE8-992D-9785F43E8B03}.Debug|x64.Build.0 = Debug|x64
		{9F2446AB-E58C-4CE8-992D-9785F43E8B03}.Debug|x86.ActiveCfg = Debug|Win32
		{9F2446AB-E58C-4CE8-992D-9785F43E8B03}.Debug|x86.Build.0 = Debug|Win32
		{9F2446AB-E58C-4CE8-992D-9785F43E8B03}.Release|x64.ActiveCfg = Release|x64
		{9F2446AB-E58C-4CE8-992D-9785F43E8B03}.Release|x64.Build.0 = Release|x64
		{9F2446AB-E58C-4CE8-992D-9785F43E8B03}.Release|x86.ActiveCfg = Release|Win32
		{9F2446AB-E58C-4CE8-992D-9785F43E8B03}.Release|x86.Build.0 = Release|Win32
	EndGlobalSection
	GlobalSection(SolutionProperties) = preSolution
		HideSolutionNode = FALSE
	EndGlobalSection
	GlobalSection(ExtensibilityGlobals) = postSolution
		SolutionGuid = {17A33407-629A-4B37-A9A9-BE0AA24E7AF8}
	EndGlobalSection
EndGlobal
