
Microsoft Visual Studio Solution File, Format Version 12.00
# Visual Studio 15
VisualStudioVersion = 15.0.27004.2010
MinimumVisualStudioVersion = 10.0.40219.1
Project("{8BC9CEB8-8B4A-11D0-8D11-00A0C91BC942}") = "Day21_count_square_with_all_ones", "Day21_count_square_with_all_ones\Day21_count_square_with_all_ones.vcxproj", "{96BE1430-A797-4CE2-BD79-9C91112C7326}"
EndProject
Global
	GlobalSection(SolutionConfigurationPlatforms) = preSolution
		Debug|x64 = Debug|x64
		Debug|x86 = Debug|x86
		Release|x64 = Release|x64
		Release|x86 = Release|x86
	EndGlobalSection
	GlobalSection(ProjectConfigurationPlatforms) = postSolution
		{96BE1430-A797-4CE2-BD79-9C91112C7326}.Debug|x64.ActiveCfg = Debug|x64
		{96BE1430-A797-4CE2-BD79-9C91112C7326}.Debug|x64.Build.0 = Debug|x64
		{96BE1430-A797-4CE2-BD79-9C91112C7326}.Debug|x86.ActiveCfg = Debug|Win32
		{96BE1430-A797-4CE2-BD79-9C91112C7326}.Debug|x86.Build.0 = Debug|Win32
		{96BE1430-A797-4CE2-BD79-9C91112C7326}.Release|x64.ActiveCfg = Release|x64
		{96BE1430-A797-4CE2-BD79-9C91112C7326}.Release|x64.Build.0 = Release|x64
		{96BE1430-A797-4CE2-BD79-9C91112C7326}.Release|x86.ActiveCfg = Release|Win32
		{96BE1430-A797-4CE2-BD79-9C91112C7326}.Release|x86.Build.0 = Release|Win32
	EndGlobalSection
	GlobalSection(SolutionProperties) = preSolution
		HideSolutionNode = FALSE
	EndGlobalSection
	GlobalSection(ExtensibilityGlobals) = postSolution
		SolutionGuid = {B7CE6A85-6D58-4669-9449-36C0D02D5A79}
	EndGlobalSection
EndGlobal
