
Microsoft Visual Studio Solution File, Format Version 12.00
# Visual Studio 15
VisualStudioVersion = 15.0.27004.2010
MinimumVisualStudioVersion = 10.0.40219.1
Project("{8BC9CEB8-8B4A-11D0-8D11-00A0C91BC942}") = "Day9_is_subsequence", "Day9_is_subsequence\Day9_is_subsequence.vcxproj", "{77491DB7-FA70-4387-B780-046B7A305D18}"
EndProject
Global
	GlobalSection(SolutionConfigurationPlatforms) = preSolution
		Debug|x64 = Debug|x64
		Debug|x86 = Debug|x86
		Release|x64 = Release|x64
		Release|x86 = Release|x86
	EndGlobalSection
	GlobalSection(ProjectConfigurationPlatforms) = postSolution
		{77491DB7-FA70-4387-B780-046B7A305D18}.Debug|x64.ActiveCfg = Debug|x64
		{77491DB7-FA70-4387-B780-046B7A305D18}.Debug|x64.Build.0 = Debug|x64
		{77491DB7-FA70-4387-B780-046B7A305D18}.Debug|x86.ActiveCfg = Debug|Win32
		{77491DB7-FA70-4387-B780-046B7A305D18}.Debug|x86.Build.0 = Debug|Win32
		{77491DB7-FA70-4387-B780-046B7A305D18}.Release|x64.ActiveCfg = Release|x64
		{77491DB7-FA70-4387-B780-046B7A305D18}.Release|x64.Build.0 = Release|x64
		{77491DB7-FA70-4387-B780-046B7A305D18}.Release|x86.ActiveCfg = Release|Win32
		{77491DB7-FA70-4387-B780-046B7A305D18}.Release|x86.Build.0 = Release|Win32
	EndGlobalSection
	GlobalSection(SolutionProperties) = preSolution
		HideSolutionNode = FALSE
	EndGlobalSection
	GlobalSection(ExtensibilityGlobals) = postSolution
		SolutionGuid = {818AB43B-6337-4642-9D70-FCEEA931626D}
	EndGlobalSection
EndGlobal
