
Microsoft Visual Studio Solution File, Format Version 12.00
# Visual Studio 15
VisualStudioVersion = 15.0.28010.2041
MinimumVisualStudioVersion = 10.0.40219.1
Project("{8BC9CEB8-8B4A-11D0-8D11-00A0C91BC942}") = "Day31_delete_node_in_a_BST", "Day31_delete_node_in_a_BST\Day31_delete_node_in_a_BST.vcxproj", "{15281897-1D76-4FCC-AEB5-07AE61D3D402}"
EndProject
Global
	GlobalSection(SolutionConfigurationPlatforms) = preSolution
		Debug|x64 = Debug|x64
		Debug|x86 = Debug|x86
		Release|x64 = Release|x64
		Release|x86 = Release|x86
	EndGlobalSection
	GlobalSection(ProjectConfigurationPlatforms) = postSolution
		{15281897-1D76-4FCC-AEB5-07AE61D3D402}.Debug|x64.ActiveCfg = Debug|x64
		{15281897-1D76-4FCC-AEB5-07AE61D3D402}.Debug|x64.Build.0 = Debug|x64
		{15281897-1D76-4FCC-AEB5-07AE61D3D402}.Debug|x86.ActiveCfg = Debug|Win32
		{15281897-1D76-4FCC-AEB5-07AE61D3D402}.Debug|x86.Build.0 = Debug|Win32
		{15281897-1D76-4FCC-AEB5-07AE61D3D402}.Release|x64.ActiveCfg = Release|x64
		{15281897-1D76-4FCC-AEB5-07AE61D3D402}.Release|x64.Build.0 = Release|x64
		{15281897-1D76-4FCC-AEB5-07AE61D3D402}.Release|x86.ActiveCfg = Release|Win32
		{15281897-1D76-4FCC-AEB5-07AE61D3D402}.Release|x86.Build.0 = Release|Win32
	EndGlobalSection
	GlobalSection(SolutionProperties) = preSolution
		HideSolutionNode = FALSE
	EndGlobalSection
	GlobalSection(ExtensibilityGlobals) = postSolution
		SolutionGuid = {2E874AB3-B45C-47E6-A53F-15E6875FACA5}
	EndGlobalSection
EndGlobal
