
Microsoft Visual Studio Solution File, Format Version 12.00
# Visual Studio 15
VisualStudioVersion = 15.0.28010.2041
MinimumVisualStudioVersion = 10.0.40219.1
Project("{8BC9CEB8-8B4A-11D0-8D11-00A0C91BC942}") = "Day28_task_scheduler", "Day28_task_scheduler\Day28_task_scheduler.vcxproj", "{38CABD03-EA1E-4017-B98B-F2FFD40B25DE}"
EndProject
Global
	GlobalSection(SolutionConfigurationPlatforms) = preSolution
		Debug|x64 = Debug|x64
		Debug|x86 = Debug|x86
		Release|x64 = Release|x64
		Release|x86 = Release|x86
	EndGlobalSection
	GlobalSection(ProjectConfigurationPlatforms) = postSolution
		{38CABD03-EA1E-4017-B98B-F2FFD40B25DE}.Debug|x64.ActiveCfg = Debug|x64
		{38CABD03-EA1E-4017-B98B-F2FFD40B25DE}.Debug|x64.Build.0 = Debug|x64
		{38CABD03-EA1E-4017-B98B-F2FFD40B25DE}.Debug|x86.ActiveCfg = Debug|Win32
		{38CABD03-EA1E-4017-B98B-F2FFD40B25DE}.Debug|x86.Build.0 = Debug|Win32
		{38CABD03-EA1E-4017-B98B-F2FFD40B25DE}.Release|x64.ActiveCfg = Release|x64
		{38CABD03-EA1E-4017-B98B-F2FFD40B25DE}.Release|x64.Build.0 = Release|x64
		{38CABD03-EA1E-4017-B98B-F2FFD40B25DE}.Release|x86.ActiveCfg = Release|Win32
		{38CABD03-EA1E-4017-B98B-F2FFD40B25DE}.Release|x86.Build.0 = Release|Win32
	EndGlobalSection
	GlobalSection(SolutionProperties) = preSolution
		HideSolutionNode = FALSE
	EndGlobalSection
	GlobalSection(ExtensibilityGlobals) = postSolution
		SolutionGuid = {C5855AB8-A463-468C-A73E-4DF5C91C1D2C}
	EndGlobalSection
EndGlobal
