
Microsoft Visual Studio Solution File, Format Version 12.00
# Visual Studio 15
VisualStudioVersion = 15.0.27004.2010
MinimumVisualStudioVersion = 10.0.40219.1
Project("{8BC9CEB8-8B4A-11D0-8D11-00A0C91BC942}") = "Contest_205", "Contest_205\Contest_205.vcxproj", "{703D68ED-B181-40C1-BDC1-F69978F3ECFE}"
EndProject
Global
	GlobalSection(SolutionConfigurationPlatforms) = preSolution
		Debug|x64 = Debug|x64
		Debug|x86 = Debug|x86
		Release|x64 = Release|x64
		Release|x86 = Release|x86
	EndGlobalSection
	GlobalSection(ProjectConfigurationPlatforms) = postSolution
		{703D68ED-B181-40C1-BDC1-F69978F3ECFE}.Debug|x64.ActiveCfg = Debug|x64
		{703D68ED-B181-40C1-BDC1-F69978F3ECFE}.Debug|x64.Build.0 = Debug|x64
		{703D68ED-B181-40C1-BDC1-F69978F3ECFE}.Debug|x86.ActiveCfg = Debug|Win32
		{703D68ED-B181-40C1-BDC1-F69978F3ECFE}.Debug|x86.Build.0 = Debug|Win32
		{703D68ED-B181-40C1-BDC1-F69978F3ECFE}.Release|x64.ActiveCfg = Release|x64
		{703D68ED-B181-40C1-BDC1-F69978F3ECFE}.Release|x64.Build.0 = Release|x64
		{703D68ED-B181-40C1-BDC1-F69978F3ECFE}.Release|x86.ActiveCfg = Release|Win32
		{703D68ED-B181-40C1-BDC1-F69978F3ECFE}.Release|x86.Build.0 = Release|Win32
	EndGlobalSection
	GlobalSection(SolutionProperties) = preSolution
		HideSolutionNode = FALSE
	EndGlobalSection
	GlobalSection(ExtensibilityGlobals) = postSolution
		SolutionGuid = {FE029ECD-2495-47A4-B858-9A3ABBF00EA5}
	EndGlobalSection
EndGlobal
