
Microsoft Visual Studio Solution File, Format Version 12.00
# Visual Studio 15
VisualStudioVersion = 15.0.28010.2041
MinimumVisualStudioVersion = 10.0.40219.1
Project("{8BC9CEB8-8B4A-11D0-8D11-00A0C91BC942}") = "Day30_first_missing_positive", "Day30_first_missing_positive\Day30_first_missing_positive.vcxproj", "{6705CB56-BD4D-4FF7-A8B1-497172176F93}"
EndProject
Global
	GlobalSection(SolutionConfigurationPlatforms) = preSolution
		Debug|x64 = Debug|x64
		Debug|x86 = Debug|x86
		Release|x64 = Release|x64
		Release|x86 = Release|x86
	EndGlobalSection
	GlobalSection(ProjectConfigurationPlatforms) = postSolution
		{6705CB56-BD4D-4FF7-A8B1-497172176F93}.Debug|x64.ActiveCfg = Debug|x64
		{6705CB56-BD4D-4FF7-A8B1-497172176F93}.Debug|x64.Build.0 = Debug|x64
		{6705CB56-BD4D-4FF7-A8B1-497172176F93}.Debug|x86.ActiveCfg = Debug|Win32
		{6705CB56-BD4D-4FF7-A8B1-497172176F93}.Debug|x86.Build.0 = Debug|Win32
		{6705CB56-BD4D-4FF7-A8B1-497172176F93}.Release|x64.ActiveCfg = Release|x64
		{6705CB56-BD4D-4FF7-A8B1-497172176F93}.Release|x64.Build.0 = Release|x64
		{6705CB56-BD4D-4FF7-A8B1-497172176F93}.Release|x86.ActiveCfg = Release|Win32
		{6705CB56-BD4D-4FF7-A8B1-497172176F93}.Release|x86.Build.0 = Release|Win32
	EndGlobalSection
	GlobalSection(SolutionProperties) = preSolution
		HideSolutionNode = FALSE
	EndGlobalSection
	GlobalSection(ExtensibilityGlobals) = postSolution
		SolutionGuid = {F0EED3F4-D2D8-4910-8CD1-F28966457267}
	EndGlobalSection
EndGlobal
