
Microsoft Visual Studio Solution File, Format Version 12.00
# Visual Studio 15
VisualStudioVersion = 15.0.27004.2010
MinimumVisualStudioVersion = 10.0.40219.1
Project("{8BC9CEB8-8B4A-11D0-8D11-00A0C91BC942}") = "Day5_find_unique_char", "Day5_find_unique_char\Day5_find_unique_char.vcxproj", "{56C79DDB-06BC-40DC-BB02-F25CE4F7E8D4}"
EndProject
Global
	GlobalSection(SolutionConfigurationPlatforms) = preSolution
		Debug|x64 = Debug|x64
		Debug|x86 = Debug|x86
		Release|x64 = Release|x64
		Release|x86 = Release|x86
	EndGlobalSection
	GlobalSection(ProjectConfigurationPlatforms) = postSolution
		{56C79DDB-06BC-40DC-BB02-F25CE4F7E8D4}.Debug|x64.ActiveCfg = Debug|x64
		{56C79DDB-06BC-40DC-BB02-F25CE4F7E8D4}.Debug|x64.Build.0 = Debug|x64
		{56C79DDB-06BC-40DC-BB02-F25CE4F7E8D4}.Debug|x86.ActiveCfg = Debug|Win32
		{56C79DDB-06BC-40DC-BB02-F25CE4F7E8D4}.Debug|x86.Build.0 = Debug|Win32
		{56C79DDB-06BC-40DC-BB02-F25CE4F7E8D4}.Release|x64.ActiveCfg = Release|x64
		{56C79DDB-06BC-40DC-BB02-F25CE4F7E8D4}.Release|x64.Build.0 = Release|x64
		{56C79DDB-06BC-40DC-BB02-F25CE4F7E8D4}.Release|x86.ActiveCfg = Release|Win32
		{56C79DDB-06BC-40DC-BB02-F25CE4F7E8D4}.Release|x86.Build.0 = Release|Win32
	EndGlobalSection
	GlobalSection(SolutionProperties) = preSolution
		HideSolutionNode = FALSE
	EndGlobalSection
	GlobalSection(ExtensibilityGlobals) = postSolution
		SolutionGuid = {F35BA7A1-A473-4055-B07D-E86E83AB6AC8}
	EndGlobalSection
EndGlobal
