
Microsoft Visual Studio Solution File, Format Version 12.00
# Visual Studio 15
VisualStudioVersion = 15.0.27004.2010
MinimumVisualStudioVersion = 10.0.40219.1
Project("{8BC9CEB8-8B4A-11D0-8D11-00A0C91BC942}") = "Day29_course_shedule", "Day29_course_shedule\Day29_course_shedule.vcxproj", "{00F3FE8B-9A45-4177-9AAE-920E042F214F}"
EndProject
Global
	GlobalSection(SolutionConfigurationPlatforms) = preSolution
		Debug|x64 = Debug|x64
		Debug|x86 = Debug|x86
		Release|x64 = Release|x64
		Release|x86 = Release|x86
	EndGlobalSection
	GlobalSection(ProjectConfigurationPlatforms) = postSolution
		{00F3FE8B-9A45-4177-9AAE-920E042F214F}.Debug|x64.ActiveCfg = Debug|x64
		{00F3FE8B-9A45-4177-9AAE-920E042F214F}.Debug|x64.Build.0 = Debug|x64
		{00F3FE8B-9A45-4177-9AAE-920E042F214F}.Debug|x86.ActiveCfg = Debug|Win32
		{00F3FE8B-9A45-4177-9AAE-920E042F214F}.Debug|x86.Build.0 = Debug|Win32
		{00F3FE8B-9A45-4177-9AAE-920E042F214F}.Release|x64.ActiveCfg = Release|x64
		{00F3FE8B-9A45-4177-9AAE-920E042F214F}.Release|x64.Build.0 = Release|x64
		{00F3FE8B-9A45-4177-9AAE-920E042F214F}.Release|x86.ActiveCfg = Release|Win32
		{00F3FE8B-9A45-4177-9AAE-920E042F214F}.Release|x86.Build.0 = Release|Win32
	EndGlobalSection
	GlobalSection(SolutionProperties) = preSolution
		HideSolutionNode = FALSE
	EndGlobalSection
	GlobalSection(ExtensibilityGlobals) = postSolution
		SolutionGuid = {686EA95D-F25B-4D55-BDE4-449C17A6EA7A}
	EndGlobalSection
EndGlobal
