
Microsoft Visual Studio Solution File, Format Version 12.00
# Visual Studio 15
VisualStudioVersion = 15.0.28010.2041
MinimumVisualStudioVersion = 10.0.40219.1
Project("{8BC9CEB8-8B4A-11D0-8D11-00A0C91BC942}") = "Day15_rotate_array", "Day15_rotate_array\Day15_rotate_array.vcxproj", "{6BDE7706-32A9-4293-8F13-06124F5BD59D}"
EndProject
Global
	GlobalSection(SolutionConfigurationPlatforms) = preSolution
		Debug|x64 = Debug|x64
		Debug|x86 = Debug|x86
		Release|x64 = Release|x64
		Release|x86 = Release|x86
	EndGlobalSection
	GlobalSection(ProjectConfigurationPlatforms) = postSolution
		{6BDE7706-32A9-4293-8F13-06124F5BD59D}.Debug|x64.ActiveCfg = Debug|x64
		{6BDE7706-32A9-4293-8F13-06124F5BD59D}.Debug|x64.Build.0 = Debug|x64
		{6BDE7706-32A9-4293-8F13-06124F5BD59D}.Debug|x86.ActiveCfg = Debug|Win32
		{6BDE7706-32A9-4293-8F13-06124F5BD59D}.Debug|x86.Build.0 = Debug|Win32
		{6BDE7706-32A9-4293-8F13-06124F5BD59D}.Release|x64.ActiveCfg = Release|x64
		{6BDE7706-32A9-4293-8F13-06124F5BD59D}.Release|x64.Build.0 = Release|x64
		{6BDE7706-32A9-4293-8F13-06124F5BD59D}.Release|x86.ActiveCfg = Release|Win32
		{6BDE7706-32A9-4293-8F13-06124F5BD59D}.Release|x86.Build.0 = Release|Win32
	EndGlobalSection
	GlobalSection(SolutionProperties) = preSolution
		HideSolutionNode = FALSE
	EndGlobalSection
	GlobalSection(ExtensibilityGlobals) = postSolution
		SolutionGuid = {F5F27283-CA37-47A3-B26D-C647BFF837A1}
	EndGlobalSection
EndGlobal
